
Microsoft Visual Studio Solution File, Format Version 12.00
# Visual Studio Version 16
VisualStudioVersion = 16.0.28803.352
MinimumVisualStudioVersion = 10.0.40219.1
Project("{888888A0-9F3D-457C-B088-3A5042F75D52}") = "python_spider", "python_spider\python_spider.pyproj", "{DEC46DD5-5BD2-40FF-A24A-51BFEDE5886C}"
EndProject
Global
	GlobalSection(SolutionConfigurationPlatforms) = preSolution
		Debug|Any CPU = Debug|Any CPU
		Release|Any CPU = Release|Any CPU
	EndGlobalSection
	GlobalSection(ProjectConfigurationPlatforms) = postSolution
		{DEC46DD5-5BD2-40FF-A24A-51BFEDE5886C}.Debug|Any CPU.ActiveCfg = Debug|Any CPU
		{DEC46DD5-5BD2-40FF-A24A-51BFEDE5886C}.Release|Any CPU.ActiveCfg = Release|Any CPU
	EndGlobalSection
	GlobalSection(SolutionProperties) = preSolution
		HideSolutionNode = FALSE
	EndGlobalSection
	GlobalSection(ExtensibilityGlobals) = postSolution
		SolutionGuid = {417D59A4-F596-4181-9EB2-265C6E67B63F}
	EndGlobalSection
EndGlobal
